
Microsoft Visual Studio Solution File, Format Version 12.00
# Visual Studio 15
Project("{FAE04EC0-301F-11D3-BF4B-00C04F79EFBC}") = "Assembly-CSharp", "Assembly-CSharp.csproj", "{7AD09F39-0831-3C04-F0D8-BD9DD3EB7F5B}"
EndProject
Global
	GlobalSection(SolutionConfigurationPlatforms) = preSolution
		Debug|Any CPU = Debug|Any CPU
		Release|Any CPU = Release|Any CPU
	EndGlobalSection
	GlobalSection(ProjectConfigurationPlatforms) = postSolution
		{7AD09F39-0831-3C04-F0D8-BD9DD3EB7F5B}.Debug|Any CPU.ActiveCfg = Debug|Any CPU
		{7AD09F39-0831-3C04-F0D8-BD9DD3EB7F5B}.Debug|Any CPU.Build.0 = Debug|Any CPU
		{7AD09F39-0831-3C04-F0D8-BD9DD3EB7F5B}.Release|Any CPU.ActiveCfg = Release|Any CPU
		{7AD09F39-0831-3C04-F0D8-BD9DD3EB7F5B}.Release|Any CPU.Build.0 = Release|Any CPU
	EndGlobalSection
	GlobalSection(SolutionProperties) = preSolution
		HideSolutionNode = FALSE
	EndGlobalSection
EndGlobal
